
Microsoft Visual Studio Solution File, Format Version 12.00
# Visual Studio 15
VisualStudioVersion = 15.0.27428.2005
MinimumVisualStudioVersion = 10.0.40219.1
Project("{FAE04EC0-301F-11D3-BF4B-00C04F79EFBC}") = "Surveys.Core", "Surveys.Core\Surveys.Core.csproj", "{B979AAA2-0AAD-4D69-967F-8DD190D4CB31}"
EndProject
Project("{FAE04EC0-301F-11D3-BF4B-00C04F79EFBC}") = "Surveys.Droid", "Surveys.Android\Surveys.Droid.csproj", "{26D46C10-1F4D-4131-9750-FED93B9F1A85}"
EndProject
Global
	GlobalSection(SolutionConfigurationPlatforms) = preSolution
		Debug|Any CPU = Debug|Any CPU
		Debug|ARM = Debug|ARM
		Debug|x64 = Debug|x64
		Debug|x86 = Debug|x86
		Release|Any CPU = Release|Any CPU
		Release|ARM = Release|ARM
		Release|x64 = Release|x64
		Release|x86 = Release|x86
	EndGlobalSection
	GlobalSection(ProjectConfigurationPlatforms) = postSolution
		{B979AAA2-0AAD-4D69-967F-8DD190D4CB31}.Debug|Any CPU.ActiveCfg = Debug|Any CPU
		{B979AAA2-0AAD-4D69-967F-8DD190D4CB31}.Debug|Any CPU.Build.0 = Debug|Any CPU
		{B979AAA2-0AAD-4D69-967F-8DD190D4CB31}.Debug|ARM.ActiveCfg = Debug|Any CPU
		{B979AAA2-0AAD-4D69-967F-8DD190D4CB31}.Debug|ARM.Build.0 = Debug|Any CPU
		{B979AAA2-0AAD-4D69-967F-8DD190D4CB31}.Debug|x64.ActiveCfg = Debug|Any CPU
		{B979AAA2-0AAD-4D69-967F-8DD190D4CB31}.Debug|x64.Build.0 = Debug|Any CPU
		{B979AAA2-0AAD-4D69-967F-8DD190D4CB31}.Debug|x86.ActiveCfg = Debug|Any CPU
		{B979AAA2-0AAD-4D69-967F-8DD190D4CB31}.Debug|x86.Build.0 = Debug|Any CPU
		{B979AAA2-0AAD-4D69-967F-8DD190D4CB31}.Release|Any CPU.ActiveCfg = Release|Any CPU
		{B979AAA2-0AAD-4D69-967F-8DD190D4CB31}.Release|Any CPU.Build.0 = Release|Any CPU
		{B979AAA2-0AAD-4D69-967F-8DD190D4CB31}.Release|ARM.ActiveCfg = Release|Any CPU
		{B979AAA2-0AAD-4D69-967F-8DD190D4CB31}.Release|ARM.Build.0 = Release|Any CPU
		{B979AAA2-0AAD-4D69-967F-8DD190D4CB31}.Release|x64.ActiveCfg = Release|Any CPU
		{B979AAA2-0AAD-4D69-967F-8DD190D4CB31}.Release|x64.Build.0 = Release|Any CPU
		{B979AAA2-0AAD-4D69-967F-8DD190D4CB31}.Release|x86.ActiveCfg = Release|Any CPU
		{B979AAA2-0AAD-4D69-967F-8DD190D4CB31}.Release|x86.Build.0 = Release|Any CPU
		{26D46C10-1F4D-4131-9750-FED93B9F1A85}.Debug|Any CPU.ActiveCfg = Debug|Any CPU
		{26D46C10-1F4D-4131-9750-FED93B9F1A85}.Debug|Any CPU.Build.0 = Debug|Any CPU
		{26D46C10-1F4D-4131-9750-FED93B9F1A85}.Debug|Any CPU.Deploy.0 = Debug|Any CPU
		{26D46C10-1F4D-4131-9750-FED93B9F1A85}.Debug|ARM.ActiveCfg = Debug|Any CPU
		{26D46C10-1F4D-4131-9750-FED93B9F1A85}.Debug|ARM.Build.0 = Debug|Any CPU
		{26D46C10-1F4D-4131-9750-FED93B9F1A85}.Debug|ARM.Deploy.0 = Debug|Any CPU
		{26D46C10-1F4D-4131-9750-FED93B9F1A85}.Debug|x64.ActiveCfg = Debug|Any CPU
		{26D46C10-1F4D-4131-9750-FED93B9F1A85}.Debug|x64.Build.0 = Debug|Any CPU
		{26D46C10-1F4D-4131-9750-FED93B9F1A85}.Debug|x64.Deploy.0 = Debug|Any CPU
		{26D46C10-1F4D-4131-9750-FED93B9F1A85}.Debug|x86.ActiveCfg = Debug|Any CPU
		{26D46C10-1F4D-4131-9750-FED93B9F1A85}.Debug|x86.Build.0 = Debug|Any CPU
		{26D46C10-1F4D-4131-9750-FED93B9F1A85}.Debug|x86.Deploy.0 = Debug|Any CPU
		{26D46C10-1F4D-4131-9750-FED93B9F1A85}.Release|Any CPU.ActiveCfg = Release|Any CPU
		{26D46C10-1F4D-4131-9750-FED93B9F1A85}.Release|Any CPU.Build.0 = Release|Any CPU
		{26D46C10-1F4D-4131-9750-FED93B9F1A85}.Release|Any CPU.Deploy.0 = Release|Any CPU
		{26D46C10-1F4D-4131-9750-FED93B9F1A85}.Release|ARM.ActiveCfg = Release|Any CPU
		{26D46C10-1F4D-4131-9750-FED93B9F1A85}.Release|ARM.Build.0 = Release|Any CPU
		{26D46C10-1F4D-4131-9750-FED93B9F1A85}.Release|ARM.Deploy.0 = Release|Any CPU
		{26D46C10-1F4D-4131-9750-FED93B9F1A85}.Release|x64.ActiveCfg = Release|Any CPU
		{26D46C10-1F4D-4131-9750-FED93B9F1A85}.Release|x64.Build.0 = Release|Any CPU
		{26D46C10-1F4D-4131-9750-FED93B9F1A85}.Release|x64.Deploy.0 = Release|Any CPU
		{26D46C10-1F4D-4131-9750-FED93B9F1A85}.Release|x86.ActiveCfg = Release|Any CPU
		{26D46C10-1F4D-4131-9750-FED93B9F1A85}.Release|x86.Build.0 = Release|Any CPU
		{26D46C10-1F4D-4131-9750-FED93B9F1A85}.Release|x86.Deploy.0 = Release|Any CPU
	EndGlobalSection
	GlobalSection(SolutionProperties) = preSolution
		HideSolutionNode = FALSE
	EndGlobalSection
	GlobalSection(ExtensibilityGlobals) = postSolution
		SolutionGuid = {9778B54E-27CE-4E32-830A-DF48B3807A9D}
	EndGlobalSection
EndGlobal
